
Microsoft Visual Studio Solution File, Format Version 12.00
# Visual Studio 15
VisualStudioVersion = 15.0.26430.16
MinimumVisualStudioVersion = 10.0.40219.1
Project("{FAE04EC0-301F-11D3-BF4B-00C04F79EFBC}") = "ConsoleApp1", "ConsoleApp1\ConsoleApp1.csproj", "{C7047949-5989-4DD1-8888-B0888EFDA079}"
EndProject
Project("{FAE04EC0-301F-11D3-BF4B-00C04F79EFBC}") = "ConsoleApp2", "ConsoleApp2\ConsoleApp2.csproj", "{02D544C9-CD53-4DF5-ACF5-D8011E14C8BA}"
EndProject
Project("{FAE04EC0-301F-11D3-BF4B-00C04F79EFBC}") = "Staatiline", "Staatiline\Staatiline.csproj", "{59830B0E-6EE0-4A71-AF56-99FB49A1E0F5}"
EndProject
Global
	GlobalSection(SolutionConfigurationPlatforms) = preSolution
		Debug|Any CPU = Debug|Any CPU
		Release|Any CPU = Release|Any CPU
	EndGlobalSection
	GlobalSection(ProjectConfigurationPlatforms) = postSolution
		{C7047949-5989-4DD1-8888-B0888EFDA079}.Debug|Any CPU.ActiveCfg = Debug|Any CPU
		{C7047949-5989-4DD1-8888-B0888EFDA079}.Debug|Any CPU.Build.0 = Debug|Any CPU
		{C7047949-5989-4DD1-8888-B0888EFDA079}.Release|Any CPU.ActiveCfg = Release|Any CPU
		{C7047949-5989-4DD1-8888-B0888EFDA079}.Release|Any CPU.Build.0 = Release|Any CPU
		{02D544C9-CD53-4DF5-ACF5-D8011E14C8BA}.Debug|Any CPU.ActiveCfg = Debug|Any CPU
		{02D544C9-CD53-4DF5-ACF5-D8011E14C8BA}.Debug|Any CPU.Build.0 = Debug|Any CPU
		{02D544C9-CD53-4DF5-ACF5-D8011E14C8BA}.Release|Any CPU.ActiveCfg = Release|Any CPU
		{02D544C9-CD53-4DF5-ACF5-D8011E14C8BA}.Release|Any CPU.Build.0 = Release|Any CPU
		{59830B0E-6EE0-4A71-AF56-99FB49A1E0F5}.Debug|Any CPU.ActiveCfg = Debug|Any CPU
		{59830B0E-6EE0-4A71-AF56-99FB49A1E0F5}.Debug|Any CPU.Build.0 = Debug|Any CPU
		{59830B0E-6EE0-4A71-AF56-99FB49A1E0F5}.Release|Any CPU.ActiveCfg = Release|Any CPU
		{59830B0E-6EE0-4A71-AF56-99FB49A1E0F5}.Release|Any CPU.Build.0 = Release|Any CPU
	EndGlobalSection
	GlobalSection(SolutionProperties) = preSolution
		HideSolutionNode = FALSE
	EndGlobalSection
EndGlobal
